// !$*UTF8*$!
{
	archiveVersion = 1;
	classes = {
	};
	objectVersion = 46;
	objects = {

/* Begin PBXBuildFile section */
		3300334C1C1E23FE00A6E499 /* AppDelegate.swift in Sources */ = {isa = PBXBuildFile; fileRef = 3300334B1C1E23FE00A6E499 /* AppDelegate.swift */; };
		3300334E1C1E23FE00A6E499 /* ViewController.swift in Sources */ = {isa = PBXBuildFile; fileRef = 3300334D1C1E23FE00A6E499 /* ViewController.swift */; };
		330033511C1E23FE00A6E499 /* Main.storyboard in Resources */ = {isa = PBXBuildFile; fileRef = 3300334F1C1E23FE00A6E499 /* Main.storyboard */; };
		330033531C1E23FE00A6E499 /* Assets.xcassets in Resources */ = {isa = PBXBuildFile; fileRef = 330033521C1E23FE00A6E499 /* Assets.xcassets */; };
		330033561C1E23FE00A6E499 /* LaunchScreen.storyboard in Resources */ = {isa = PBXBuildFile; fileRef = 330033541C1E23FE00A6E499 /* LaunchScreen.storyboard */; };
		33B65BBE1C20BE060033DCEE /* BullsEye.html in Resources */ = {isa = PBXBuildFile; fileRef = 33B65BBD1C20BE060033DCEE /* BullsEye.html */; };
		33DDCCC51C1FA69400FED19F /* AboutViewController.swift in Sources */ = {isa = PBXBuildFile; fileRef = 33DDCCC41C1FA69400FED19F /* AboutViewController.swift */; };
/* End PBXBuildFile section */

/* Begin PBXFileReference section */
		330033481C1E23FE00A6E499 /* BullsEye.app */ = {isa = PBXFileReference; explicitFileType = wrapper.application; includeInIndex = 0; path = BullsEye.app; sourceTree = BUILT_PRODUCTS_DIR; };
		3300334B1C1E23FE00A6E499 /* AppDelegate.swift */ = {isa = PBXFileReference; lastKnownFileType = sourcecode.swift; path = AppDelegate.swift; sourceTree = "<group>"; };
		3300334D1C1E23FE00A6E499 /* ViewController.swift */ = {isa = PBXFileReference; lastKnownFileType = sourcecode.swift; path = ViewController.swift; sourceTree = "<group>"; };
		330033501C1E23FE00A6E499 /* Base */ = {isa = PBXFileReference; lastKnownFileType = file.storyboard; name = Base; path = Base.lproj/Main.storyboard; sourceTree = "<group>"; };
		330033521C1E23FE00A6E499 /* Assets.xcassets */ = {isa = PBXFileReference; lastKnownFileType = folder.assetcatalog; path = Assets.xcassets; sourceTree = "<group>"; };
		330033551C1E23FE00A6E499 /* Base */ = {isa = PBXFileReference; lastKnownFileType = file.storyboard; name = Base; path = Base.lproj/LaunchScreen.storyboard; sourceTree = "<group>"; };
		330033571C1E23FE00A6E499 /* Info.plist */ = {isa = PBXFileReference; lastKnownFileType = text.plist.xml; path = Info.plist; sourceTree = "<group>"; };
		33B65BBD1C20BE060033DCEE /* BullsEye.html */ = {isa = PBXFileReference; fileEncoding = 4; lastKnownFileType = text.html; path = BullsEye.html; sourceTree = "<group>"; };
		33DDCCC41C1FA69400FED19F /* AboutViewController.swift */ = {isa = PBXFileReference; fileEncoding = 4; lastKnownFileType = sourcecode.swift; path = AboutViewController.swift; sourceTree = "<group>"; };
/* End PBXFileReference section */

/* Begin PBXFrameworksBuildPhase section */
		330033451C1E23FE00A6E499 /* Frameworks */ = {
			isa = PBXFrameworksBuildPhase;
			buildActionMask = 2147483647;
			files = (
			);
			runOnlyForDeploymentPostprocessing = 0;
		};
/* End PBXFrameworksBuildPhase section */

/* Begin PBXGroup section */
		3300333F1C1E23FE00A6E499 = {
			isa = PBXGroup;
			children = (
				3300334A1C1E23FE00A6E499 /* BullsEye */,
				330033491C1E23FE00A6E499 /* Products */,
			);
			sourceTree = "<group>";
		};
		330033491C1E23FE00A6E499 /* Products */ = {
			isa = PBXGroup;
			children = (
				330033481C1E23FE00A6E499 /* BullsEye.app */,
			);
			name = Products;
			sourceTree = "<group>";
		};
		3300334A1C1E23FE00A6E499 /* BullsEye */ = {
			isa = PBXGroup;
			children = (
				33B65BBD1C20BE060033DCEE /* BullsEye.html */,
				3300334B1C1E23FE00A6E499 /* AppDelegate.swift */,
				3300334D1C1E23FE00A6E499 /* ViewController.swift */,
				3300334F1C1E23FE00A6E499 /* Main.storyboard */,
				330033521C1E23FE00A6E499 /* Assets.xcassets */,
				330033541C1E23FE00A6E499 /* LaunchScreen.storyboard */,
				330033571C1E23FE00A6E499 /* Info.plist */,
				33DDCCC41C1FA69400FED19F /* AboutViewController.swift */,
			);
			path = BullsEye;
			sourceTree = "<group>";
		};
/* End PBXGroup section */

/* Begin PBXNativeTarget section */
		330033471C1E23FE00A6E499 /* BullsEye */ = {
			isa = PBXNativeTarget;
			buildConfigurationList = 3300335A1C1E23FE00A6E499 /* Build configuration list for PBXNativeTarget "BullsEye" */;
			buildPhases = (
				330033441C1E23FE00A6E499 /* Sources */,
				330033451C1E23FE00A6E499 /* Frameworks */,
				330033461C1E23FE00A6E499 /* Resources */,
			);
			buildRules = (
			);
			dependencies = (
			);
			name = BullsEye;
			productName = BullsEye;
			productReference = 330033481C1E23FE00A6E499 /* BullsEye.app */;
			productType = "com.apple.product-type.application";
		};
/* End PBXNativeTarget section */

/* Begin PBXProject section */
		330033401C1E23FE00A6E499 /* Project object */ = {
			isa = PBXProject;
			attributes = {
				LastSwiftUpdateCheck = 0720;
				LastUpgradeCheck = 0720;
				ORGANIZATIONNAME = tb;
				TargetAttributes = {
					330033471C1E23FE00A6E499 = {
						CreatedOnToolsVersion = 7.2;
					};
				};
			};
			buildConfigurationList = 330033431C1E23FE00A6E499 /* Build configuration list for PBXProject "BullsEye" */;
			compatibilityVersion = "Xcode 3.2";
			developmentRegion = English;
			hasScannedForEncodings = 0;
			knownRegions = (
				en,
				Base,
			);
			mainGroup = 3300333F1C1E23FE00A6E499;
			productRefGroup = 330033491C1E23FE00A6E499 /* Products */;
			projectDirPath = "";
			projectRoot = "";
			targets = (
				330033471C1E23FE00A6E499 /* BullsEye */,
			);
		};
/* End PBXProject section */

/* Begin PBXResourcesBuildPhase section */
		330033461C1E23FE00A6E499 /* Resources */ = {
			isa = PBXResourcesBuildPhase;
			buildActionMask = 2147483647;
			files = (
				330033561C1E23FE00A6E499 /* LaunchScreen.storyboard in Resources */,
				33B65BBE1C20BE060033DCEE /* BullsEye.html in Resources */,
				330033531C1E23FE00A6E499 /* Assets.xcassets in Resources */,
				330033511C1E23FE00A6E499 /* Main.storyboard in Resources */,
			);
			runOnlyForDeploymentPostprocessing = 0;
		};
/* End PBXResourcesBuildPhase section */

/* Begin PBXSourcesBuildPhase section */
		330033441C1E23FE00A6E499 /* Sources */ = {
			isa = PBXSourcesBuildPhase;
			buildActionMask = 2147483647;
			files = (
				33DDCCC51C1FA69400FED19F /* AboutViewController.swift in Sources */,
				3300334E1C1E23FE00A6E499 /* ViewController.swift in Sources */,
				3300334C1C1E23FE00A6E499 /* AppDelegate.swift in Sources */,
			);
			runOnlyForDeploymentPostprocessing = 0;
		};
/* End PBXSourcesBuildPhase section */

/* Begin PBXVariantGroup section */
		3300334F1C1E23FE00A6E499 /* Main.storyboard */ = {
			isa = PBXVariantGroup;
			children = (
				330033501C1E23FE00A6E499 /* Base */,
			);
			name = Main.storyboard;
			sourceTree = "<group>";
		};
		330033541C1E23FE00A6E499 /* LaunchScreen.storyboard */ = {
			isa = PBXVariantGroup;
			children = (
				330033551C1E23FE00A6E499 /* Base */,
			);
			name = LaunchScreen.storyboard;
			sourceTree = "<group>";
		};
/* End PBXVariantGroup section */

/* Begin XCBuildConfiguration section */
		330033581C1E23FE00A6E499 /* Debug */ = {
			isa = XCBuildConfiguration;
			buildSettings = {
				ALWAYS_SEARCH_USER_PATHS = NO;
				CLANG_CXX_LANGUAGE_STANDARD = "gnu++0x";
				CLANG_CXX_LIBRARY = "libc++";
				CLANG_ENABLE_MODULES = YES;
				CLANG_ENABLE_OBJC_ARC = YES;
				CLANG_WARN_BOOL_CONVERSION = YES;
				CLANG_WARN_CONSTANT_CONVERSION = YES;
				CLANG_WARN_DIRECT_OBJC_ISA_USAGE = YES_ERROR;
				CLANG_WARN_EMPTY_BODY = YES;
				CLANG_WARN_ENUM_CONVERSION = YES;
				CLANG_WARN_INT_CONVERSION = YES;
				CLANG_WARN_OBJC_ROOT_CLASS = YES_ERROR;
				CLANG_WARN_UNREACHABLE_CODE = YES;
				CLANG_WARN__DUPLICATE_METHOD_MATCH = YES;
				"CODE_SIGN_IDENTITY[sdk=iphoneos*]" = "iPhone Developer";
				COPY_PHASE_STRIP = NO;
				DEBUG_INFORMATION_FORMAT = dwarf;
				ENABLE_STRICT_OBJC_MSGSEND = YES;
				ENABLE_TESTABILITY = YES;
				GCC_C_LANGUAGE_STANDARD = gnu99;
				GCC_DYNAMIC_NO_PIC = NO;
				GCC_NO_COMMON_BLOCKS = YES;
				GCC_OPTIMIZATION_LEVEL = 0;
				GCC_PREPROCESSOR_DEFINITIONS = (
					"DEBUG=1",
					"$(inherited)",
				);
				GCC_WARN_64_TO_32_BIT_CONVERSION = YES;
				GCC_WARN_ABOUT_RETURN_TYPE = YES_ERROR;
				GCC_WARN_UNDECLARED_SELECTOR = YES;
				GCC_WARN_UNINITIALIZED_AUTOS = YES_AGGRESSIVE;
				GCC_WARN_UNUSED_FUNCTION = YES;
				GCC_WARN_UNUSED_VARIABLE = YES;
				IPHONEOS_DEPLOYMENT_TARGET = 9.2;
				MTL_ENABLE_DEBUG_INFO = YES;
				ONLY_ACTIVE_ARCH = YES;
				SDKROOT = iphoneos;
				SWIFT_OPTIMIZATION_LEVEL = "-Onone";
			};
			name = Debug;
		};
		330033591C1E23FE00A6E499 /* Release */ = {
			isa = XCBuildConfiguration;
			buildSettings = {
				ALWAYS_SEARCH_USER_PATHS = NO;
				CLANG_CXX_LANGUAGE_STANDARD = "gnu++0x";
				CLANG_CXX_LIBRARY = "libc++";
				CLANG_ENABLE_MODULES = YES;
				CLANG_ENABLE_OBJC_ARC = YES;
				CLANG_WARN_BOOL_CONVERSION = YES;
				CLANG_WARN_CONSTANT_CONVERSION = YES;
				CLANG_WARN_DIRECT_OBJC_ISA_USAGE = YES_ERROR;
				CLANG_WARN_EMPTY_BODY = YES;
				CLANG_WARN_ENUM_CONVERSION = YES;
				CLANG_WARN_INT_CONVERSION = YES;
				CLANG_WARN_OBJC_ROOT_CLASS = YES_ERROR;
				CLANG_WARN_UNREACHABLE_CODE = YES;
				CLANG_WARN__DUPLICATE_METHOD_MATCH = YES;
				"CODE_SIGN_IDENTITY[sdk=iphoneos*]" = "iPhone Developer";
				COPY_PHASE_STRIP = NO;
				DEBUG_INFORMATION_FORMAT = "dwarf-with-dsym";
				ENABLE_NS_ASSERTIONS = NO;
				ENABLE_STRICT_OBJC_MSGSEND = YES;
				GCC_C_LANGUAGE_STANDARD = gnu99;
				GCC_NO_COMMON_BLOCKS = YES;
				GCC_WARN_64_TO_32_BIT_CONVERSION = YES;
				GCC_WARN_ABOUT_RETURN_TYPE = YES_ERROR;
				GCC_WARN_UNDECLARED_SELECTOR = YES;
				GCC_WARN_UNINITIALIZED_AUTOS = YES_AGGRESSIVE;
				GCC_WARN_UNUSED_FUNCTION = YES;
				GCC_WARN_UNUSED_VARIABLE = YES;
				IPHONEOS_DEPLOYMENT_TARGET = 9.2;
				MTL_ENABLE_DEBUG_INFO = NO;
				SDKROOT = iphoneos;
				VALIDATE_PRODUCT = YES;
			};
			name = Release;
		};
		3300335B1C1E23FE00A6E499 /* Debug */ = {
			isa = XCBuildConfiguration;
			buildSettings = {
				ASSETCATALOG_COMPILER_APPICON_NAME = AppIcon;
				INFOPLIST_FILE = BullsEye/Info.plist;
				LD_RUNPATH_SEARCH_PATHS = "$(inherited) @executable_path/Frameworks";
				PRODUCT_BUNDLE_IDENTIFIER = net.together.home.bradshaw.BullsEye;
				PRODUCT_NAME = "$(TARGET_NAME)";
			};
			name = Debug;
		};
		3300335C1C1E23FE00A6E499 /* Release */ = {
			isa = XCBuildConfiguration;
			buildSettings = {
				ASSETCATALOG_COMPILER_APPICON_NAME = AppIcon;
				INFOPLIST_FILE = BullsEye/Info.plist;
				LD_RUNPATH_SEARCH_PATHS = "$(inherited) @executable_path/Frameworks";
				PRODUCT_BUNDLE_IDENTIFIER = net.together.home.bradshaw.BullsEye;
				PRODUCT_NAME = "$(TARGET_NAME)";
			};
			name = Release;
		};
/* End XCBuildConfiguration section */

/* Begin XCConfigurationList section */
		330033431C1E23FE00A6E499 /* Build configuration list for PBXProject "BullsEye" */ = {
			isa = XCConfigurationList;
			buildConfigurations = (
				330033581C1E23FE00A6E499 /* Debug */,
				330033591C1E23FE00A6E499 /* Release */,
			);
			defaultConfigurationIsVisible = 0;
			defaultConfigurationName = Release;
		};
		3300335A1C1E23FE00A6E499 /* Build configuration list for PBXNativeTarget "BullsEye" */ = {
			isa = XCConfigurationList;
			buildConfigurations = (
				3300335B1C1E23FE00A6E499 /* Debug */,
				3300335C1C1E23FE00A6E499 /* Release */,
			);
			defaultConfigurationIsVisible = 0;
			defaultConfigurationName = Release;
		};
/* End XCConfigurationList section */
	};
	rootObject = 330033401C1E23FE00A6E499 /* Project object */;
}
